
Microsoft Visual Studio Solution File, Format Version 12.00
# Visual Studio Version 16
VisualStudioVersion = 16.0.30503.244
MinimumVisualStudioVersion = 10.0.40219.1
Project("{FAE04EC0-301F-11D3-BF4B-00C04F79EFBC}") = "Musicorum", "Musicorum\Musicorum.csproj", "{809584DC-8454-43DF-8ACE-B7FDEE4FB773}"
EndProject
Project("{FAE04EC0-301F-11D3-BF4B-00C04F79EFBC}") = "Musicorum.Data", "Musicorum.Data\Musicorum.Data.csproj", "{C0EE5340-5D8F-4BB9-A685-BABFFB25A894}"
EndProject
Project("{FAE04EC0-301F-11D3-BF4B-00C04F79EFBC}") = "Musicorum.Services", "Musicorum.Services\Musicorum.Services.csproj", "{43E04914-0685-49EA-B622-C9A9EF483EBF}"
EndProject
Global
	GlobalSection(SolutionConfigurationPlatforms) = preSolution
		Debug|Any CPU = Debug|Any CPU
		Release|Any CPU = Release|Any CPU
	EndGlobalSection
	GlobalSection(ProjectConfigurationPlatforms) = postSolution
		{809584DC-8454-43DF-8ACE-B7FDEE4FB773}.Debug|Any CPU.ActiveCfg = Debug|Any CPU
		{809584DC-8454-43DF-8ACE-B7FDEE4FB773}.Debug|Any CPU.Build.0 = Debug|Any CPU
		{809584DC-8454-43DF-8ACE-B7FDEE4FB773}.Release|Any CPU.ActiveCfg = Release|Any CPU
		{809584DC-8454-43DF-8ACE-B7FDEE4FB773}.Release|Any CPU.Build.0 = Release|Any CPU
		{C0EE5340-5D8F-4BB9-A685-BABFFB25A894}.Debug|Any CPU.ActiveCfg = Debug|Any CPU
		{C0EE5340-5D8F-4BB9-A685-BABFFB25A894}.Debug|Any CPU.Build.0 = Debug|Any CPU
		{C0EE5340-5D8F-4BB9-A685-BABFFB25A894}.Release|Any CPU.ActiveCfg = Release|Any CPU
		{C0EE5340-5D8F-4BB9-A685-BABFFB25A894}.Release|Any CPU.Build.0 = Release|Any CPU
		{43E04914-0685-49EA-B622-C9A9EF483EBF}.Debug|Any CPU.ActiveCfg = Debug|Any CPU
		{43E04914-0685-49EA-B622-C9A9EF483EBF}.Debug|Any CPU.Build.0 = Debug|Any CPU
		{43E04914-0685-49EA-B622-C9A9EF483EBF}.Release|Any CPU.ActiveCfg = Release|Any CPU
		{43E04914-0685-49EA-B622-C9A9EF483EBF}.Release|Any CPU.Build.0 = Release|Any CPU
	EndGlobalSection
	GlobalSection(SolutionProperties) = preSolution
		HideSolutionNode = FALSE
	EndGlobalSection
	GlobalSection(ExtensibilityGlobals) = postSolution
		SolutionGuid = {9A0D6400-8069-40CB-B908-C49F96C24930}
	EndGlobalSection
EndGlobal
